// !$*UTF8*$!
{
	archiveVersion = 1;
	classes = {
	};
	objectVersion = 46;
	objects = {

/* Begin PBXGroup section */
		FF0A41D01AC82A1E009B1757 = {
			isa = PBXGroup;
			children = (
			);
			sourceTree = "<group>";
		};
/* End PBXGroup section */

/* Begin PBXProject section */
		FF0A41D11AC82A1E009B1757 /* Project object */ = {
			isa = PBXProject;
			attributes = {
				LastUpgradeCheck = 0630;
			};
			buildConfigurationList = FF0A41D41AC82A1E009B1757 /* Build configuration list for PBXProject "Forbind" */;
			compatibilityVersion = "Xcode 3.2";
			developmentRegion = English;
			hasScannedForEncodings = 0;
			knownRegions = (
				en,
			);
			mainGroup = FF0A41D01AC82A1E009B1757;
			projectDirPath = "";
			projectRoot = "";
			targets = (
			);
		};
/* End PBXProject section */

/* Begin XCBuildConfiguration section */
		FF0A41D51AC82A1E009B1757 /* Debug */ = {
			isa = XCBuildConfiguration;
			buildSettings = {
			};
			name = Debug;
		};
		FF0A41D61AC82A1E009B1757 /* Release */ = {
			isa = XCBuildConfiguration;
			buildSettings = {
			};
			name = Release;
		};
/* End XCBuildConfiguration section */

/* Begin XCConfigurationList section */
		FF0A41D41AC82A1E009B1757 /* Build configuration list for PBXProject "Forbind" */ = {
			isa = XCConfigurationList;
			buildConfigurations = (
				FF0A41D51AC82A1E009B1757 /* Debug */,
				FF0A41D61AC82A1E009B1757 /* Release */,
			);
			defaultConfigurationIsVisible = 0;
			defaultConfigurationName = Release;
		};
/* End XCConfigurationList section */
	};
	rootObject = FF0A41D11AC82A1E009B1757 /* Project object */;
}
