// !$*UTF8*$!
{
	archiveVersion = 1;
	classes = {
	};
	objectVersion = 46;
	objects = {

/* Begin PBXBuildFile section */
		FF0A41E81AC82A2C009B1757 /* Forbind.framework in Frameworks */ = {isa = PBXBuildFile; fileRef = FF0A41DC1AC82A2C009B1757 /* Forbind.framework */; };
		FF0A41F91AC82A49009B1757 /* Bind.swift in Sources */ = {isa = PBXBuildFile; fileRef = FF0A41F61AC82A49009B1757 /* Bind.swift */; };
		FF0A41FA1AC82A49009B1757 /* Bind.swift in Sources */ = {isa = PBXBuildFile; fileRef = FF0A41F61AC82A49009B1757 /* Bind.swift */; };
		FF0A41FB1AC82A49009B1757 /* Combine.swift in Sources */ = {isa = PBXBuildFile; fileRef = FF0A41F71AC82A49009B1757 /* Combine.swift */; };
		FF0A41FC1AC82A49009B1757 /* Combine.swift in Sources */ = {isa = PBXBuildFile; fileRef = FF0A41F71AC82A49009B1757 /* Combine.swift */; };
		FF0A41FD1AC82A49009B1757 /* Result.swift in Sources */ = {isa = PBXBuildFile; fileRef = FF0A41F81AC82A49009B1757 /* Result.swift */; };
		FF0A41FE1AC82A49009B1757 /* Result.swift in Sources */ = {isa = PBXBuildFile; fileRef = FF0A41F81AC82A49009B1757 /* Result.swift */; };
		FF0A42041AC82A55009B1757 /* ForbindBindMultiplesTest.swift in Sources */ = {isa = PBXBuildFile; fileRef = FF0A41FF1AC82A55009B1757 /* ForbindBindMultiplesTest.swift */; };
		FF0A42051AC82A55009B1757 /* ForbindBindTests.swift in Sources */ = {isa = PBXBuildFile; fileRef = FF0A42001AC82A55009B1757 /* ForbindBindTests.swift */; };
		FF0A42061AC82A55009B1757 /* ForbindCombineFunctionCallTests.swift in Sources */ = {isa = PBXBuildFile; fileRef = FF0A42011AC82A55009B1757 /* ForbindCombineFunctionCallTests.swift */; };
		FF0A42071AC82A55009B1757 /* ForbindCombineValueTests.swift in Sources */ = {isa = PBXBuildFile; fileRef = FF0A42021AC82A55009B1757 /* ForbindCombineValueTests.swift */; };
		FF0A42081AC82A55009B1757 /* ForbindTests.swift in Sources */ = {isa = PBXBuildFile; fileRef = FF0A42031AC82A55009B1757 /* ForbindTests.swift */; };
		FF0A42191AC82E38009B1757 /* ForbindExtensions.framework in Frameworks */ = {isa = PBXBuildFile; fileRef = FF0A420E1AC82E37009B1757 /* ForbindExtensions.framework */; };
		FF0A42201AC82E38009B1757 /* ForbindExtensionsTests.swift in Sources */ = {isa = PBXBuildFile; fileRef = FF0A421F1AC82E38009B1757 /* ForbindExtensionsTests.swift */; };
		FF0A422B1AC82E43009B1757 /* NSURLConnectionExtensions.swift in Sources */ = {isa = PBXBuildFile; fileRef = FF0A42271AC82E43009B1757 /* NSURLConnectionExtensions.swift */; };
		FF0A422C1AC82E43009B1757 /* NSURLConnectionExtensions.swift in Sources */ = {isa = PBXBuildFile; fileRef = FF0A42271AC82E43009B1757 /* NSURLConnectionExtensions.swift */; };
		FF0A422D1AC82E43009B1757 /* NSURLSessionExtensions.swift in Sources */ = {isa = PBXBuildFile; fileRef = FF0A42281AC82E43009B1757 /* NSURLSessionExtensions.swift */; };
		FF0A422E1AC82E43009B1757 /* NSURLSessionExtensions.swift in Sources */ = {isa = PBXBuildFile; fileRef = FF0A42281AC82E43009B1757 /* NSURLSessionExtensions.swift */; };
		FF0A422F1AC82E43009B1757 /* UIViewExtensions.swift in Sources */ = {isa = PBXBuildFile; fileRef = FF0A42291AC82E43009B1757 /* UIViewExtensions.swift */; };
		FF0A42301AC82E43009B1757 /* UIViewExtensions.swift in Sources */ = {isa = PBXBuildFile; fileRef = FF0A42291AC82E43009B1757 /* UIViewExtensions.swift */; };
		FF0A42311AC82E43009B1757 /* dispatchExtensions.swift in Sources */ = {isa = PBXBuildFile; fileRef = FF0A422A1AC82E43009B1757 /* dispatchExtensions.swift */; };
		FF0A42321AC82E43009B1757 /* dispatchExtensions.swift in Sources */ = {isa = PBXBuildFile; fileRef = FF0A422A1AC82E43009B1757 /* dispatchExtensions.swift */; };
		FF14D4C81AC97CBB0077303F /* NSJSONSerializationExtensions.swift in Sources */ = {isa = PBXBuildFile; fileRef = FF14D4C71AC97CBB0077303F /* NSJSONSerializationExtensions.swift */; };
		FF14D4CA1AC97E7E0077303F /* PrintIPDemoViewController.swift in Sources */ = {isa = PBXBuildFile; fileRef = FF14D4C91AC97E7E0077303F /* PrintIPDemoViewController.swift */; };
		FF19EB801AC847FD0033992B /* AppDelegate.swift in Sources */ = {isa = PBXBuildFile; fileRef = FF19EB7F1AC847FD0033992B /* AppDelegate.swift */; };
		FF19EB851AC847FD0033992B /* Main.storyboard in Resources */ = {isa = PBXBuildFile; fileRef = FF19EB831AC847FD0033992B /* Main.storyboard */; };
		FF19EB871AC847FD0033992B /* Images.xcassets in Resources */ = {isa = PBXBuildFile; fileRef = FF19EB861AC847FD0033992B /* Images.xcassets */; };
		FF19EB8A1AC847FD0033992B /* LaunchScreen.xib in Resources */ = {isa = PBXBuildFile; fileRef = FF19EB881AC847FD0033992B /* LaunchScreen.xib */; };
		FF19EB9E1AC8483D0033992B /* NetworkRequestDemoViewController.swift in Sources */ = {isa = PBXBuildFile; fileRef = FF19EB9D1AC8483D0033992B /* NetworkRequestDemoViewController.swift */; };
		FF19EBA01AC852980033992B /* ChainedAnimationsDemoViewController.swift in Sources */ = {isa = PBXBuildFile; fileRef = FF19EB9F1AC852980033992B /* ChainedAnimationsDemoViewController.swift */; };
		FFBC11D71AFEAF4400708832 /* ForbindPromiseTests.swift in Sources */ = {isa = PBXBuildFile; fileRef = FFBC11D61AFEAF4400708832 /* ForbindPromiseTests.swift */; };
		FFBE767A1B2EEA0C00426D40 /* Forbind Mac.h in Headers */ = {isa = PBXBuildFile; fileRef = FFBE76791B2EEA0C00426D40 /* Forbind Mac.h */; settings = {ATTRIBUTES = (Public, ); }; };
		FFBE768C1B2EEA0C00426D40 /* Forbind.framework in Frameworks */ = {isa = PBXBuildFile; fileRef = FFBE76751B2EEA0C00426D40 /* Forbind.framework */; };
		FFBE768D1B2EEA0C00426D40 /* Forbind.framework in Embed Frameworks */ = {isa = PBXBuildFile; fileRef = FFBE76751B2EEA0C00426D40 /* Forbind.framework */; settings = {ATTRIBUTES = (CodeSignOnCopy, RemoveHeadersOnCopy, ); }; };
		FFBE76951B2EEA5000426D40 /* Bind.swift in Sources */ = {isa = PBXBuildFile; fileRef = FF0A41F61AC82A49009B1757 /* Bind.swift */; };
		FFBE76961B2EEA5200426D40 /* ListBind.swift in Sources */ = {isa = PBXBuildFile; fileRef = FFEBF96A1B23A8D700C56952 /* ListBind.swift */; };
		FFBE76971B2EEA5400426D40 /* Combine.swift in Sources */ = {isa = PBXBuildFile; fileRef = FF0A41F71AC82A49009B1757 /* Combine.swift */; };
		FFBE76981B2EEA5700426D40 /* Result.swift in Sources */ = {isa = PBXBuildFile; fileRef = FF0A41F81AC82A49009B1757 /* Result.swift */; };
		FFBE76991B2EEA5900426D40 /* Promise.swift in Sources */ = {isa = PBXBuildFile; fileRef = FFEBF9671B23837500C56952 /* Promise.swift */; };
		FFE14AF91B2EF82F006C5F70 /* ForbindExtensions Mac.h in Headers */ = {isa = PBXBuildFile; fileRef = FFE14AF81B2EF82F006C5F70 /* ForbindExtensions Mac.h */; settings = {ATTRIBUTES = (Public, ); }; };
		FFE14B0B1B2EF82F006C5F70 /* ForbindExtensions.framework in Frameworks */ = {isa = PBXBuildFile; fileRef = FFE14AF41B2EF82F006C5F70 /* ForbindExtensions.framework */; };
		FFE14B0C1B2EF82F006C5F70 /* ForbindExtensions.framework in Embed Frameworks */ = {isa = PBXBuildFile; fileRef = FFE14AF41B2EF82F006C5F70 /* ForbindExtensions.framework */; settings = {ATTRIBUTES = (CodeSignOnCopy, RemoveHeadersOnCopy, ); }; };
		FFE14B131B2EF84D006C5F70 /* NSURLConnectionExtensions.swift in Sources */ = {isa = PBXBuildFile; fileRef = FF0A42271AC82E43009B1757 /* NSURLConnectionExtensions.swift */; };
		FFE14B141B2EF84F006C5F70 /* NSURLSessionExtensions.swift in Sources */ = {isa = PBXBuildFile; fileRef = FF0A42281AC82E43009B1757 /* NSURLSessionExtensions.swift */; };
		FFE14B151B2EF851006C5F70 /* dispatchExtensions.swift in Sources */ = {isa = PBXBuildFile; fileRef = FF0A422A1AC82E43009B1757 /* dispatchExtensions.swift */; };
		FFE14B161B2EF853006C5F70 /* NSJSONSerializationExtensions.swift in Sources */ = {isa = PBXBuildFile; fileRef = FF14D4C71AC97CBB0077303F /* NSJSONSerializationExtensions.swift */; };
		FFE14B171B2EF85C006C5F70 /* Forbind.framework in Frameworks */ = {isa = PBXBuildFile; fileRef = FFBE76751B2EEA0C00426D40 /* Forbind.framework */; };
		FFEBF9681B23837500C56952 /* Promise.swift in Sources */ = {isa = PBXBuildFile; fileRef = FFEBF9671B23837500C56952 /* Promise.swift */; };
		FFEBF9691B23842B00C56952 /* Promise.swift in Sources */ = {isa = PBXBuildFile; fileRef = FFEBF9671B23837500C56952 /* Promise.swift */; };
		FFEBF96B1B23A8D700C56952 /* ListBind.swift in Sources */ = {isa = PBXBuildFile; fileRef = FFEBF96A1B23A8D700C56952 /* ListBind.swift */; };
		FFEBF96C1B23AC4700C56952 /* ListBind.swift in Sources */ = {isa = PBXBuildFile; fileRef = FFEBF96A1B23A8D700C56952 /* ListBind.swift */; };
/* End PBXBuildFile section */

/* Begin PBXContainerItemProxy section */
		FF0A41E91AC82A2C009B1757 /* PBXContainerItemProxy */ = {
			isa = PBXContainerItemProxy;
			containerPortal = FF0A41D11AC82A1E009B1757 /* Project object */;
			proxyType = 1;
			remoteGlobalIDString = FF0A41DB1AC82A2C009B1757;
			remoteInfo = Forbind;
		};
		FF0A421A1AC82E38009B1757 /* PBXContainerItemProxy */ = {
			isa = PBXContainerItemProxy;
			containerPortal = FF0A41D11AC82A1E009B1757 /* Project object */;
			proxyType = 1;
			remoteGlobalIDString = FF0A420D1AC82E37009B1757;
			remoteInfo = ForbindExtensions;
		};
		FFBE768A1B2EEA0C00426D40 /* PBXContainerItemProxy */ = {
			isa = PBXContainerItemProxy;
			containerPortal = FF0A41D11AC82A1E009B1757 /* Project object */;
			proxyType = 1;
			remoteGlobalIDString = FFBE76741B2EEA0C00426D40;
			remoteInfo = "Forbind Mac";
		};
		FFE14B091B2EF82F006C5F70 /* PBXContainerItemProxy */ = {
			isa = PBXContainerItemProxy;
			containerPortal = FF0A41D11AC82A1E009B1757 /* Project object */;
			proxyType = 1;
			remoteGlobalIDString = FFE14AF31B2EF82F006C5F70;
			remoteInfo = "ForbindExtensions Mac";
		};
/* End PBXContainerItemProxy section */

/* Begin PBXCopyFilesBuildPhase section */
		FFBE76931B2EEA0C00426D40 /* Embed Frameworks */ = {
			isa = PBXCopyFilesBuildPhase;
			buildActionMask = 2147483647;
			dstPath = "";
			dstSubfolderSpec = 10;
			files = (
				FFE14B0C1B2EF82F006C5F70 /* ForbindExtensions.framework in Embed Frameworks */,
				FFBE768D1B2EEA0C00426D40 /* Forbind.framework in Embed Frameworks */,
			);
			name = "Embed Frameworks";
			runOnlyForDeploymentPostprocessing = 0;
		};
/* End PBXCopyFilesBuildPhase section */

/* Begin PBXFileReference section */
		FF0A41DC1AC82A2C009B1757 /* Forbind.framework */ = {isa = PBXFileReference; explicitFileType = wrapper.framework; includeInIndex = 0; path = Forbind.framework; sourceTree = BUILT_PRODUCTS_DIR; };
		FF0A41E01AC82A2C009B1757 /* Info.plist */ = {isa = PBXFileReference; lastKnownFileType = text.plist.xml; path = Info.plist; sourceTree = "<group>"; };
		FF0A41E71AC82A2C009B1757 /* ForbindTests.xctest */ = {isa = PBXFileReference; explicitFileType = wrapper.cfbundle; includeInIndex = 0; path = ForbindTests.xctest; sourceTree = BUILT_PRODUCTS_DIR; };
		FF0A41ED1AC82A2C009B1757 /* Info.plist */ = {isa = PBXFileReference; lastKnownFileType = text.plist.xml; path = Info.plist; sourceTree = "<group>"; };
		FF0A41F61AC82A49009B1757 /* Bind.swift */ = {isa = PBXFileReference; fileEncoding = 4; lastKnownFileType = sourcecode.swift; path = Bind.swift; sourceTree = "<group>"; };
		FF0A41F71AC82A49009B1757 /* Combine.swift */ = {isa = PBXFileReference; fileEncoding = 4; lastKnownFileType = sourcecode.swift; path = Combine.swift; sourceTree = "<group>"; };
		FF0A41F81AC82A49009B1757 /* Result.swift */ = {isa = PBXFileReference; fileEncoding = 4; lastKnownFileType = sourcecode.swift; path = Result.swift; sourceTree = "<group>"; };
		FF0A41FF1AC82A55009B1757 /* ForbindBindMultiplesTest.swift */ = {isa = PBXFileReference; fileEncoding = 4; lastKnownFileType = sourcecode.swift; path = ForbindBindMultiplesTest.swift; sourceTree = "<group>"; };
		FF0A42001AC82A55009B1757 /* ForbindBindTests.swift */ = {isa = PBXFileReference; fileEncoding = 4; lastKnownFileType = sourcecode.swift; path = ForbindBindTests.swift; sourceTree = "<group>"; };
		FF0A42011AC82A55009B1757 /* ForbindCombineFunctionCallTests.swift */ = {isa = PBXFileReference; fileEncoding = 4; lastKnownFileType = sourcecode.swift; path = ForbindCombineFunctionCallTests.swift; sourceTree = "<group>"; };
		FF0A42021AC82A55009B1757 /* ForbindCombineValueTests.swift */ = {isa = PBXFileReference; fileEncoding = 4; lastKnownFileType = sourcecode.swift; path = ForbindCombineValueTests.swift; sourceTree = "<group>"; };
		FF0A42031AC82A55009B1757 /* ForbindTests.swift */ = {isa = PBXFileReference; fileEncoding = 4; lastKnownFileType = sourcecode.swift; path = ForbindTests.swift; sourceTree = "<group>"; };
		FF0A420E1AC82E37009B1757 /* ForbindExtensions.framework */ = {isa = PBXFileReference; explicitFileType = wrapper.framework; includeInIndex = 0; path = ForbindExtensions.framework; sourceTree = BUILT_PRODUCTS_DIR; };
		FF0A42111AC82E37009B1757 /* Info.plist */ = {isa = PBXFileReference; lastKnownFileType = text.plist.xml; path = Info.plist; sourceTree = "<group>"; };
		FF0A42181AC82E38009B1757 /* ForbindExtensionsTests.xctest */ = {isa = PBXFileReference; explicitFileType = wrapper.cfbundle; includeInIndex = 0; path = ForbindExtensionsTests.xctest; sourceTree = BUILT_PRODUCTS_DIR; };
		FF0A421E1AC82E38009B1757 /* Info.plist */ = {isa = PBXFileReference; lastKnownFileType = text.plist.xml; path = Info.plist; sourceTree = "<group>"; };
		FF0A421F1AC82E38009B1757 /* ForbindExtensionsTests.swift */ = {isa = PBXFileReference; lastKnownFileType = sourcecode.swift; path = ForbindExtensionsTests.swift; sourceTree = "<group>"; };
		FF0A42271AC82E43009B1757 /* NSURLConnectionExtensions.swift */ = {isa = PBXFileReference; fileEncoding = 4; lastKnownFileType = sourcecode.swift; path = NSURLConnectionExtensions.swift; sourceTree = "<group>"; };
		FF0A42281AC82E43009B1757 /* NSURLSessionExtensions.swift */ = {isa = PBXFileReference; fileEncoding = 4; lastKnownFileType = sourcecode.swift; path = NSURLSessionExtensions.swift; sourceTree = "<group>"; };
		FF0A42291AC82E43009B1757 /* UIViewExtensions.swift */ = {isa = PBXFileReference; fileEncoding = 4; lastKnownFileType = sourcecode.swift; path = UIViewExtensions.swift; sourceTree = "<group>"; };
		FF0A422A1AC82E43009B1757 /* dispatchExtensions.swift */ = {isa = PBXFileReference; fileEncoding = 4; lastKnownFileType = sourcecode.swift; path = dispatchExtensions.swift; sourceTree = "<group>"; };
		FF14D4C71AC97CBB0077303F /* NSJSONSerializationExtensions.swift */ = {isa = PBXFileReference; fileEncoding = 4; lastKnownFileType = sourcecode.swift; path = NSJSONSerializationExtensions.swift; sourceTree = "<group>"; };
		FF14D4C91AC97E7E0077303F /* PrintIPDemoViewController.swift */ = {isa = PBXFileReference; fileEncoding = 4; lastKnownFileType = sourcecode.swift; path = PrintIPDemoViewController.swift; sourceTree = "<group>"; };
		FF19EB7B1AC847FD0033992B /* ForbindDemo.app */ = {isa = PBXFileReference; explicitFileType = wrapper.application; includeInIndex = 0; path = ForbindDemo.app; sourceTree = BUILT_PRODUCTS_DIR; };
		FF19EB7E1AC847FD0033992B /* Info.plist */ = {isa = PBXFileReference; lastKnownFileType = text.plist.xml; path = Info.plist; sourceTree = "<group>"; };
		FF19EB7F1AC847FD0033992B /* AppDelegate.swift */ = {isa = PBXFileReference; lastKnownFileType = sourcecode.swift; path = AppDelegate.swift; sourceTree = "<group>"; };
		FF19EB841AC847FD0033992B /* Base */ = {isa = PBXFileReference; lastKnownFileType = file.storyboard; name = Base; path = Base.lproj/Main.storyboard; sourceTree = "<group>"; };
		FF19EB861AC847FD0033992B /* Images.xcassets */ = {isa = PBXFileReference; lastKnownFileType = folder.assetcatalog; path = Images.xcassets; sourceTree = "<group>"; };
		FF19EB891AC847FD0033992B /* Base */ = {isa = PBXFileReference; lastKnownFileType = file.xib; name = Base; path = Base.lproj/LaunchScreen.xib; sourceTree = "<group>"; };
		FF19EB9D1AC8483D0033992B /* NetworkRequestDemoViewController.swift */ = {isa = PBXFileReference; fileEncoding = 4; lastKnownFileType = sourcecode.swift; path = NetworkRequestDemoViewController.swift; sourceTree = "<group>"; };
		FF19EB9F1AC852980033992B /* ChainedAnimationsDemoViewController.swift */ = {isa = PBXFileReference; fileEncoding = 4; lastKnownFileType = sourcecode.swift; path = ChainedAnimationsDemoViewController.swift; sourceTree = "<group>"; };
		FFBC11D61AFEAF4400708832 /* ForbindPromiseTests.swift */ = {isa = PBXFileReference; fileEncoding = 4; lastKnownFileType = sourcecode.swift; path = ForbindPromiseTests.swift; sourceTree = "<group>"; };
		FFBC22A11B223D3800EF900B /* PlayAround.playground */ = {isa = PBXFileReference; lastKnownFileType = file.playground; path = PlayAround.playground; sourceTree = "<group>"; };
		FFBE76751B2EEA0C00426D40 /* Forbind.framework */ = {isa = PBXFileReference; explicitFileType = wrapper.framework; includeInIndex = 0; path = Forbind.framework; sourceTree = BUILT_PRODUCTS_DIR; };
		FFBE76781B2EEA0C00426D40 /* Info.plist */ = {isa = PBXFileReference; lastKnownFileType = text.plist.xml; path = Info.plist; sourceTree = "<group>"; };
		FFBE76791B2EEA0C00426D40 /* Forbind Mac.h */ = {isa = PBXFileReference; lastKnownFileType = sourcecode.c.h; path = "Forbind Mac.h"; sourceTree = "<group>"; };
		FFE14AF41B2EF82F006C5F70 /* ForbindExtensions.framework */ = {isa = PBXFileReference; explicitFileType = wrapper.framework; includeInIndex = 0; path = ForbindExtensions.framework; sourceTree = BUILT_PRODUCTS_DIR; };
		FFE14AF71B2EF82F006C5F70 /* Info.plist */ = {isa = PBXFileReference; lastKnownFileType = text.plist.xml; path = Info.plist; sourceTree = "<group>"; };
		FFE14AF81B2EF82F006C5F70 /* ForbindExtensions Mac.h */ = {isa = PBXFileReference; lastKnownFileType = sourcecode.c.h; path = "ForbindExtensions Mac.h"; sourceTree = "<group>"; };
		FFE14B061B2EF82F006C5F70 /* Info.plist */ = {isa = PBXFileReference; lastKnownFileType = text.plist.xml; path = Info.plist; sourceTree = "<group>"; };
		FFE14B071B2EF82F006C5F70 /* ForbindExtensions_MacTests.swift */ = {isa = PBXFileReference; lastKnownFileType = sourcecode.swift; path = ForbindExtensions_MacTests.swift; sourceTree = "<group>"; };
		FFEBF9671B23837500C56952 /* Promise.swift */ = {isa = PBXFileReference; fileEncoding = 4; lastKnownFileType = sourcecode.swift; path = Promise.swift; sourceTree = "<group>"; };
		FFEBF96A1B23A8D700C56952 /* ListBind.swift */ = {isa = PBXFileReference; fileEncoding = 4; lastKnownFileType = sourcecode.swift; path = ListBind.swift; sourceTree = "<group>"; };
/* End PBXFileReference section */

/* Begin PBXFrameworksBuildPhase section */
		FF0A41D81AC82A2C009B1757 /* Frameworks */ = {
			isa = PBXFrameworksBuildPhase;
			buildActionMask = 2147483647;
			files = (
			);
			runOnlyForDeploymentPostprocessing = 0;
		};
		FF0A41E41AC82A2C009B1757 /* Frameworks */ = {
			isa = PBXFrameworksBuildPhase;
			buildActionMask = 2147483647;
			files = (
				FF0A41E81AC82A2C009B1757 /* Forbind.framework in Frameworks */,
			);
			runOnlyForDeploymentPostprocessing = 0;
		};
		FF0A420A1AC82E37009B1757 /* Frameworks */ = {
			isa = PBXFrameworksBuildPhase;
			buildActionMask = 2147483647;
			files = (
			);
			runOnlyForDeploymentPostprocessing = 0;
		};
		FF0A42151AC82E38009B1757 /* Frameworks */ = {
			isa = PBXFrameworksBuildPhase;
			buildActionMask = 2147483647;
			files = (
				FF0A42191AC82E38009B1757 /* ForbindExtensions.framework in Frameworks */,
			);
			runOnlyForDeploymentPostprocessing = 0;
		};
		FF19EB781AC847FD0033992B /* Frameworks */ = {
			isa = PBXFrameworksBuildPhase;
			buildActionMask = 2147483647;
			files = (
				FFE14B0B1B2EF82F006C5F70 /* ForbindExtensions.framework in Frameworks */,
				FFBE768C1B2EEA0C00426D40 /* Forbind.framework in Frameworks */,
			);
			runOnlyForDeploymentPostprocessing = 0;
		};
		FFBE76711B2EEA0C00426D40 /* Frameworks */ = {
			isa = PBXFrameworksBuildPhase;
			buildActionMask = 2147483647;
			files = (
			);
			runOnlyForDeploymentPostprocessing = 0;
		};
		FFE14AF01B2EF82F006C5F70 /* Frameworks */ = {
			isa = PBXFrameworksBuildPhase;
			buildActionMask = 2147483647;
			files = (
				FFE14B171B2EF85C006C5F70 /* Forbind.framework in Frameworks */,
			);
			runOnlyForDeploymentPostprocessing = 0;
		};
/* End PBXFrameworksBuildPhase section */

/* Begin PBXGroup section */
		FF0A41D01AC82A1E009B1757 = {
			isa = PBXGroup;
			children = (
				FFBC22A11B223D3800EF900B /* PlayAround.playground */,
				FF0A41DE1AC82A2C009B1757 /* Forbind */,
				FF0A41EB1AC82A2C009B1757 /* ForbindTests */,
				FF0A420F1AC82E37009B1757 /* ForbindExtensions */,
				FF0A421C1AC82E38009B1757 /* ForbindExtensionsTests */,
				FF19EB7C1AC847FD0033992B /* ForbindDemo */,
				FFBE76761B2EEA0C00426D40 /* Forbind Mac */,
				FFE14AF51B2EF82F006C5F70 /* ForbindExtensions Mac */,
				FFE14B041B2EF82F006C5F70 /* ForbindExtensions MacTests */,
				FF0A41DD1AC82A2C009B1757 /* Products */,
			);
			sourceTree = "<group>";
		};
		FF0A41DD1AC82A2C009B1757 /* Products */ = {
			isa = PBXGroup;
			children = (
				FF0A41DC1AC82A2C009B1757 /* Forbind.framework */,
				FF0A41E71AC82A2C009B1757 /* ForbindTests.xctest */,
				FF0A420E1AC82E37009B1757 /* ForbindExtensions.framework */,
				FF0A42181AC82E38009B1757 /* ForbindExtensionsTests.xctest */,
				FF19EB7B1AC847FD0033992B /* ForbindDemo.app */,
				FFBE76751B2EEA0C00426D40 /* Forbind.framework */,
				FFE14AF41B2EF82F006C5F70 /* ForbindExtensions.framework */,
			);
			name = Products;
			sourceTree = "<group>";
		};
		FF0A41DE1AC82A2C009B1757 /* Forbind */ = {
			isa = PBXGroup;
			children = (
				FF0A41F61AC82A49009B1757 /* Bind.swift */,
				FFEBF96A1B23A8D700C56952 /* ListBind.swift */,
				FF0A41F71AC82A49009B1757 /* Combine.swift */,
				FF0A41F81AC82A49009B1757 /* Result.swift */,
				FFEBF9671B23837500C56952 /* Promise.swift */,
				FF0A41DF1AC82A2C009B1757 /* Supporting Files */,
			);
			path = Forbind;
			sourceTree = "<group>";
		};
		FF0A41DF1AC82A2C009B1757 /* Supporting Files */ = {
			isa = PBXGroup;
			children = (
				FF0A41E01AC82A2C009B1757 /* Info.plist */,
			);
			name = "Supporting Files";
			sourceTree = "<group>";
		};
		FF0A41EB1AC82A2C009B1757 /* ForbindTests */ = {
			isa = PBXGroup;
			children = (
				FF0A41FF1AC82A55009B1757 /* ForbindBindMultiplesTest.swift */,
				FF0A42001AC82A55009B1757 /* ForbindBindTests.swift */,
				FF0A42011AC82A55009B1757 /* ForbindCombineFunctionCallTests.swift */,
				FF0A42021AC82A55009B1757 /* ForbindCombineValueTests.swift */,
				FFBC11D61AFEAF4400708832 /* ForbindPromiseTests.swift */,
				FF0A42031AC82A55009B1757 /* ForbindTests.swift */,
				FF0A41EC1AC82A2C009B1757 /* Supporting Files */,
			);
			path = ForbindTests;
			sourceTree = "<group>";
		};
		FF0A41EC1AC82A2C009B1757 /* Supporting Files */ = {
			isa = PBXGroup;
			children = (
				FF0A41ED1AC82A2C009B1757 /* Info.plist */,
			);
			name = "Supporting Files";
			sourceTree = "<group>";
		};
		FF0A420F1AC82E37009B1757 /* ForbindExtensions */ = {
			isa = PBXGroup;
			children = (
				FF0A42271AC82E43009B1757 /* NSURLConnectionExtensions.swift */,
				FF0A42281AC82E43009B1757 /* NSURLSessionExtensions.swift */,
				FF0A42291AC82E43009B1757 /* UIViewExtensions.swift */,
				FF0A422A1AC82E43009B1757 /* dispatchExtensions.swift */,
				FF14D4C71AC97CBB0077303F /* NSJSONSerializationExtensions.swift */,
				FF0A42101AC82E37009B1757 /* Supporting Files */,
			);
			path = ForbindExtensions;
			sourceTree = "<group>";
		};
		FF0A42101AC82E37009B1757 /* Supporting Files */ = {
			isa = PBXGroup;
			children = (
				FF0A42111AC82E37009B1757 /* Info.plist */,
			);
			name = "Supporting Files";
			sourceTree = "<group>";
		};
		FF0A421C1AC82E38009B1757 /* ForbindExtensionsTests */ = {
			isa = PBXGroup;
			children = (
				FF0A421F1AC82E38009B1757 /* ForbindExtensionsTests.swift */,
				FF0A421D1AC82E38009B1757 /* Supporting Files */,
			);
			path = ForbindExtensionsTests;
			sourceTree = "<group>";
		};
		FF0A421D1AC82E38009B1757 /* Supporting Files */ = {
			isa = PBXGroup;
			children = (
				FF0A421E1AC82E38009B1757 /* Info.plist */,
			);
			name = "Supporting Files";
			sourceTree = "<group>";
		};
		FF19EB7C1AC847FD0033992B /* ForbindDemo */ = {
			isa = PBXGroup;
			children = (
				FF19EB7F1AC847FD0033992B /* AppDelegate.swift */,
				FF19EB9D1AC8483D0033992B /* NetworkRequestDemoViewController.swift */,
				FF19EB9F1AC852980033992B /* ChainedAnimationsDemoViewController.swift */,
				FF14D4C91AC97E7E0077303F /* PrintIPDemoViewController.swift */,
				FF19EBA21AC855400033992B /* Resources */,
				FF19EB7D1AC847FD0033992B /* Supporting Files */,
			);
			path = ForbindDemo;
			sourceTree = "<group>";
		};
		FF19EB7D1AC847FD0033992B /* Supporting Files */ = {
			isa = PBXGroup;
			children = (
				FF19EB7E1AC847FD0033992B /* Info.plist */,
			);
			name = "Supporting Files";
			sourceTree = "<group>";
		};
		FF19EBA21AC855400033992B /* Resources */ = {
			isa = PBXGroup;
			children = (
				FF19EB831AC847FD0033992B /* Main.storyboard */,
				FF19EB861AC847FD0033992B /* Images.xcassets */,
				FF19EB881AC847FD0033992B /* LaunchScreen.xib */,
			);
			name = Resources;
			sourceTree = "<group>";
		};
		FFBE76761B2EEA0C00426D40 /* Forbind Mac */ = {
			isa = PBXGroup;
			children = (
				FFBE76791B2EEA0C00426D40 /* Forbind Mac.h */,
				FFBE76771B2EEA0C00426D40 /* Supporting Files */,
			);
			path = "Forbind Mac";
			sourceTree = "<group>";
		};
		FFBE76771B2EEA0C00426D40 /* Supporting Files */ = {
			isa = PBXGroup;
			children = (
				FFBE76781B2EEA0C00426D40 /* Info.plist */,
			);
			name = "Supporting Files";
			sourceTree = "<group>";
		};
		FFE14AF51B2EF82F006C5F70 /* ForbindExtensions Mac */ = {
			isa = PBXGroup;
			children = (
				FFE14AF81B2EF82F006C5F70 /* ForbindExtensions Mac.h */,
				FFE14AF61B2EF82F006C5F70 /* Supporting Files */,
			);
			path = "ForbindExtensions Mac";
			sourceTree = "<group>";
		};
		FFE14AF61B2EF82F006C5F70 /* Supporting Files */ = {
			isa = PBXGroup;
			children = (
				FFE14AF71B2EF82F006C5F70 /* Info.plist */,
			);
			name = "Supporting Files";
			sourceTree = "<group>";
		};
		FFE14B041B2EF82F006C5F70 /* ForbindExtensions MacTests */ = {
			isa = PBXGroup;
			children = (
				FFE14B071B2EF82F006C5F70 /* ForbindExtensions_MacTests.swift */,
				FFE14B051B2EF82F006C5F70 /* Supporting Files */,
			);
			path = "ForbindExtensions MacTests";
			sourceTree = "<group>";
		};
		FFE14B051B2EF82F006C5F70 /* Supporting Files */ = {
			isa = PBXGroup;
			children = (
				FFE14B061B2EF82F006C5F70 /* Info.plist */,
			);
			name = "Supporting Files";
			sourceTree = "<group>";
		};
/* End PBXGroup section */

/* Begin PBXHeadersBuildPhase section */
		FF0A41D91AC82A2C009B1757 /* Headers */ = {
			isa = PBXHeadersBuildPhase;
			buildActionMask = 2147483647;
			files = (
			);
			runOnlyForDeploymentPostprocessing = 0;
		};
		FFBE76721B2EEA0C00426D40 /* Headers */ = {
			isa = PBXHeadersBuildPhase;
			buildActionMask = 2147483647;
			files = (
				FFBE767A1B2EEA0C00426D40 /* Forbind Mac.h in Headers */,
			);
			runOnlyForDeploymentPostprocessing = 0;
		};
		FFE14AF11B2EF82F006C5F70 /* Headers */ = {
			isa = PBXHeadersBuildPhase;
			buildActionMask = 2147483647;
			files = (
				FFE14AF91B2EF82F006C5F70 /* ForbindExtensions Mac.h in Headers */,
			);
			runOnlyForDeploymentPostprocessing = 0;
		};
/* End PBXHeadersBuildPhase section */

/* Begin PBXNativeTarget section */
		FF0A41DB1AC82A2C009B1757 /* Forbind iOS */ = {
			isa = PBXNativeTarget;
			buildConfigurationList = FF0A41F01AC82A2C009B1757 /* Build configuration list for PBXNativeTarget "Forbind iOS" */;
			buildPhases = (
				FF0A41D71AC82A2C009B1757 /* Sources */,
				FF0A41D81AC82A2C009B1757 /* Frameworks */,
				FF0A41D91AC82A2C009B1757 /* Headers */,
				FF0A41DA1AC82A2C009B1757 /* Resources */,
			);
			buildRules = (
			);
			dependencies = (
			);
			name = "Forbind iOS";
			productName = Forbind;
			productReference = FF0A41DC1AC82A2C009B1757 /* Forbind.framework */;
			productType = "com.apple.product-type.framework";
		};
		FF0A41E61AC82A2C009B1757 /* ForbindTests */ = {
			isa = PBXNativeTarget;
			buildConfigurationList = FF0A41F31AC82A2C009B1757 /* Build configuration list for PBXNativeTarget "ForbindTests" */;
			buildPhases = (
				FF0A41E31AC82A2C009B1757 /* Sources */,
				FF0A41E41AC82A2C009B1757 /* Frameworks */,
				FF0A41E51AC82A2C009B1757 /* Resources */,
			);
			buildRules = (
			);
			dependencies = (
				FF0A41EA1AC82A2C009B1757 /* PBXTargetDependency */,
			);
			name = ForbindTests;
			productName = ForbindTests;
			productReference = FF0A41E71AC82A2C009B1757 /* ForbindTests.xctest */;
			productType = "com.apple.product-type.bundle.unit-test";
		};
		FF0A420D1AC82E37009B1757 /* ForbindExtensions */ = {
			isa = PBXNativeTarget;
			buildConfigurationList = FF0A42211AC82E38009B1757 /* Build configuration list for PBXNativeTarget "ForbindExtensions" */;
			buildPhases = (
				FF0A42091AC82E37009B1757 /* Sources */,
				FF0A420A1AC82E37009B1757 /* Frameworks */,
				FF0A420C1AC82E37009B1757 /* Resources */,
			);
			buildRules = (
			);
			dependencies = (
			);
			name = ForbindExtensions;
			productName = ForbindExtensions;
			productReference = FF0A420E1AC82E37009B1757 /* ForbindExtensions.framework */;
			productType = "com.apple.product-type.framework";
		};
		FF0A42171AC82E38009B1757 /* ForbindExtensionsTests */ = {
			isa = PBXNativeTarget;
			buildConfigurationList = FF0A42241AC82E38009B1757 /* Build configuration list for PBXNativeTarget "ForbindExtensionsTests" */;
			buildPhases = (
				FF0A42141AC82E38009B1757 /* Sources */,
				FF0A42151AC82E38009B1757 /* Frameworks */,
				FF0A42161AC82E38009B1757 /* Resources */,
			);
			buildRules = (
			);
			dependencies = (
				FF0A421B1AC82E38009B1757 /* PBXTargetDependency */,
			);
			name = ForbindExtensionsTests;
			productName = ForbindExtensionsTests;
			productReference = FF0A42181AC82E38009B1757 /* ForbindExtensionsTests.xctest */;
			productType = "com.apple.product-type.bundle.unit-test";
		};
		FF19EB7A1AC847FD0033992B /* ForbindDemo */ = {
			isa = PBXNativeTarget;
			buildConfigurationList = FF19EB9B1AC847FD0033992B /* Build configuration list for PBXNativeTarget "ForbindDemo" */;
			buildPhases = (
				FF19EB771AC847FD0033992B /* Sources */,
				FF19EB781AC847FD0033992B /* Frameworks */,
				FF19EB791AC847FD0033992B /* Resources */,
				FFBE76931B2EEA0C00426D40 /* Embed Frameworks */,
			);
			buildRules = (
			);
			dependencies = (
				FFBE768B1B2EEA0C00426D40 /* PBXTargetDependency */,
				FFE14B0A1B2EF82F006C5F70 /* PBXTargetDependency */,
			);
			name = ForbindDemo;
			productName = ForbindDemo;
			productReference = FF19EB7B1AC847FD0033992B /* ForbindDemo.app */;
			productType = "com.apple.product-type.application";
		};
		FFBE76741B2EEA0C00426D40 /* Forbind Mac */ = {
			isa = PBXNativeTarget;
			buildConfigurationList = FFBE76921B2EEA0C00426D40 /* Build configuration list for PBXNativeTarget "Forbind Mac" */;
			buildPhases = (
				FFBE76701B2EEA0C00426D40 /* Sources */,
				FFBE76711B2EEA0C00426D40 /* Frameworks */,
				FFBE76721B2EEA0C00426D40 /* Headers */,
				FFBE76731B2EEA0C00426D40 /* Resources */,
			);
			buildRules = (
			);
			dependencies = (
			);
			name = "Forbind Mac";
			productName = "Forbind Mac";
			productReference = FFBE76751B2EEA0C00426D40 /* Forbind.framework */;
			productType = "com.apple.product-type.framework";
		};
		FFE14AF31B2EF82F006C5F70 /* ForbindExtensions Mac */ = {
			isa = PBXNativeTarget;
			buildConfigurationList = FFE14B111B2EF82F006C5F70 /* Build configuration list for PBXNativeTarget "ForbindExtensions Mac" */;
			buildPhases = (
				FFE14AEF1B2EF82F006C5F70 /* Sources */,
				FFE14AF01B2EF82F006C5F70 /* Frameworks */,
				FFE14AF11B2EF82F006C5F70 /* Headers */,
				FFE14AF21B2EF82F006C5F70 /* Resources */,
			);
			buildRules = (
			);
			dependencies = (
			);
			name = "ForbindExtensions Mac";
			productName = "ForbindExtensions Mac";
			productReference = FFE14AF41B2EF82F006C5F70 /* ForbindExtensions.framework */;
			productType = "com.apple.product-type.framework";
		};
/* End PBXNativeTarget section */

/* Begin PBXProject section */
		FF0A41D11AC82A1E009B1757 /* Project object */ = {
			isa = PBXProject;
			attributes = {
				LastUpgradeCheck = 0630;
				TargetAttributes = {
					FF0A41DB1AC82A2C009B1757 = {
						CreatedOnToolsVersion = 6.3;
					};
					FF0A41E61AC82A2C009B1757 = {
						CreatedOnToolsVersion = 6.3;
					};
					FF0A420D1AC82E37009B1757 = {
						CreatedOnToolsVersion = 6.3;
					};
					FF0A42171AC82E38009B1757 = {
						CreatedOnToolsVersion = 6.3;
					};
					FF19EB7A1AC847FD0033992B = {
						CreatedOnToolsVersion = 6.3;
					};
					FFBE76741B2EEA0C00426D40 = {
						CreatedOnToolsVersion = 6.3.2;
					};
					FFE14AF31B2EF82F006C5F70 = {
						CreatedOnToolsVersion = 6.3.2;
					};
				};
			};
			buildConfigurationList = FF0A41D41AC82A1E009B1757 /* Build configuration list for PBXProject "Forbind" */;
			compatibilityVersion = "Xcode 3.2";
			developmentRegion = English;
			hasScannedForEncodings = 0;
			knownRegions = (
				en,
				Base,
			);
			mainGroup = FF0A41D01AC82A1E009B1757;
			productRefGroup = FF0A41DD1AC82A2C009B1757 /* Products */;
			projectDirPath = "";
			projectRoot = "";
			targets = (
				FF0A41DB1AC82A2C009B1757 /* Forbind iOS */,
				FFBE76741B2EEA0C00426D40 /* Forbind Mac */,
				FF0A41E61AC82A2C009B1757 /* ForbindTests */,
				FF0A420D1AC82E37009B1757 /* ForbindExtensions */,
				FFE14AF31B2EF82F006C5F70 /* ForbindExtensions Mac */,
				FF0A42171AC82E38009B1757 /* ForbindExtensionsTests */,
				FF19EB7A1AC847FD0033992B /* ForbindDemo */,
			);
		};
/* End PBXProject section */

/* Begin PBXResourcesBuildPhase section */
		FF0A41DA1AC82A2C009B1757 /* Resources */ = {
			isa = PBXResourcesBuildPhase;
			buildActionMask = 2147483647;
			files = (
			);
			runOnlyForDeploymentPostprocessing = 0;
		};
		FF0A41E51AC82A2C009B1757 /* Resources */ = {
			isa = PBXResourcesBuildPhase;
			buildActionMask = 2147483647;
			files = (
			);
			runOnlyForDeploymentPostprocessing = 0;
		};
		FF0A420C1AC82E37009B1757 /* Resources */ = {
			isa = PBXResourcesBuildPhase;
			buildActionMask = 2147483647;
			files = (
			);
			runOnlyForDeploymentPostprocessing = 0;
		};
		FF0A42161AC82E38009B1757 /* Resources */ = {
			isa = PBXResourcesBuildPhase;
			buildActionMask = 2147483647;
			files = (
			);
			runOnlyForDeploymentPostprocessing = 0;
		};
		FF19EB791AC847FD0033992B /* Resources */ = {
			isa = PBXResourcesBuildPhase;
			buildActionMask = 2147483647;
			files = (
				FF19EB851AC847FD0033992B /* Main.storyboard in Resources */,
				FF19EB8A1AC847FD0033992B /* LaunchScreen.xib in Resources */,
				FF19EB871AC847FD0033992B /* Images.xcassets in Resources */,
			);
			runOnlyForDeploymentPostprocessing = 0;
		};
		FFBE76731B2EEA0C00426D40 /* Resources */ = {
			isa = PBXResourcesBuildPhase;
			buildActionMask = 2147483647;
			files = (
			);
			runOnlyForDeploymentPostprocessing = 0;
		};
		FFE14AF21B2EF82F006C5F70 /* Resources */ = {
			isa = PBXResourcesBuildPhase;
			buildActionMask = 2147483647;
			files = (
			);
			runOnlyForDeploymentPostprocessing = 0;
		};
/* End PBXResourcesBuildPhase section */

/* Begin PBXSourcesBuildPhase section */
		FF0A41D71AC82A2C009B1757 /* Sources */ = {
			isa = PBXSourcesBuildPhase;
			buildActionMask = 2147483647;
			files = (
				FF0A41FD1AC82A49009B1757 /* Result.swift in Sources */,
				FF0A41F91AC82A49009B1757 /* Bind.swift in Sources */,
				FF0A41FB1AC82A49009B1757 /* Combine.swift in Sources */,
				FFEBF96B1B23A8D700C56952 /* ListBind.swift in Sources */,
				FFEBF9681B23837500C56952 /* Promise.swift in Sources */,
			);
			runOnlyForDeploymentPostprocessing = 0;
		};
		FF0A41E31AC82A2C009B1757 /* Sources */ = {
			isa = PBXSourcesBuildPhase;
			buildActionMask = 2147483647;
			files = (
				FF0A42071AC82A55009B1757 /* ForbindCombineValueTests.swift in Sources */,
				FF0A41FC1AC82A49009B1757 /* Combine.swift in Sources */,
				FF0A42051AC82A55009B1757 /* ForbindBindTests.swift in Sources */,
				FF0A42061AC82A55009B1757 /* ForbindCombineFunctionCallTests.swift in Sources */,
				FF0A42081AC82A55009B1757 /* ForbindTests.swift in Sources */,
				FF0A42041AC82A55009B1757 /* ForbindBindMultiplesTest.swift in Sources */,
				FFBC11D71AFEAF4400708832 /* ForbindPromiseTests.swift in Sources */,
				FF0A41FE1AC82A49009B1757 /* Result.swift in Sources */,
				FF0A41FA1AC82A49009B1757 /* Bind.swift in Sources */,
				FFEBF9691B23842B00C56952 /* Promise.swift in Sources */,
				FFEBF96C1B23AC4700C56952 /* ListBind.swift in Sources */,
			);
			runOnlyForDeploymentPostprocessing = 0;
		};
		FF0A42091AC82E37009B1757 /* Sources */ = {
			isa = PBXSourcesBuildPhase;
			buildActionMask = 2147483647;
			files = (
				FF0A422B1AC82E43009B1757 /* NSURLConnectionExtensions.swift in Sources */,
				FF0A422F1AC82E43009B1757 /* UIViewExtensions.swift in Sources */,
				FF14D4C81AC97CBB0077303F /* NSJSONSerializationExtensions.swift in Sources */,
				FF0A422D1AC82E43009B1757 /* NSURLSessionExtensions.swift in Sources */,
				FF0A42311AC82E43009B1757 /* dispatchExtensions.swift in Sources */,
			);
			runOnlyForDeploymentPostprocessing = 0;
		};
		FF0A42141AC82E38009B1757 /* Sources */ = {
			isa = PBXSourcesBuildPhase;
			buildActionMask = 2147483647;
			files = (
				FF0A422E1AC82E43009B1757 /* NSURLSessionExtensions.swift in Sources */,
				FF0A42321AC82E43009B1757 /* dispatchExtensions.swift in Sources */,
				FF0A422C1AC82E43009B1757 /* NSURLConnectionExtensions.swift in Sources */,
				FF0A42301AC82E43009B1757 /* UIViewExtensions.swift in Sources */,
				FF0A42201AC82E38009B1757 /* ForbindExtensionsTests.swift in Sources */,
			);
			runOnlyForDeploymentPostprocessing = 0;
		};
		FF19EB771AC847FD0033992B /* Sources */ = {
			isa = PBXSourcesBuildPhase;
			buildActionMask = 2147483647;
			files = (
				FF14D4CA1AC97E7E0077303F /* PrintIPDemoViewController.swift in Sources */,
				FF19EB9E1AC8483D0033992B /* NetworkRequestDemoViewController.swift in Sources */,
				FF19EBA01AC852980033992B /* ChainedAnimationsDemoViewController.swift in Sources */,
				FF19EB801AC847FD0033992B /* AppDelegate.swift in Sources */,
			);
			runOnlyForDeploymentPostprocessing = 0;
		};
		FFBE76701B2EEA0C00426D40 /* Sources */ = {
			isa = PBXSourcesBuildPhase;
			buildActionMask = 2147483647;
			files = (
				FFBE76951B2EEA5000426D40 /* Bind.swift in Sources */,
				FFBE76961B2EEA5200426D40 /* ListBind.swift in Sources */,
				FFBE76971B2EEA5400426D40 /* Combine.swift in Sources */,
				FFBE76981B2EEA5700426D40 /* Result.swift in Sources */,
				FFBE76991B2EEA5900426D40 /* Promise.swift in Sources */,
			);
			runOnlyForDeploymentPostprocessing = 0;
		};
		FFE14AEF1B2EF82F006C5F70 /* Sources */ = {
			isa = PBXSourcesBuildPhase;
			buildActionMask = 2147483647;
			files = (
				FFE14B131B2EF84D006C5F70 /* NSURLConnectionExtensions.swift in Sources */,
				FFE14B141B2EF84F006C5F70 /* NSURLSessionExtensions.swift in Sources */,
				FFE14B151B2EF851006C5F70 /* dispatchExtensions.swift in Sources */,
				FFE14B161B2EF853006C5F70 /* NSJSONSerializationExtensions.swift in Sources */,
			);
			runOnlyForDeploymentPostprocessing = 0;
		};
/* End PBXSourcesBuildPhase section */

/* Begin PBXTargetDependency section */
		FF0A41EA1AC82A2C009B1757 /* PBXTargetDependency */ = {
			isa = PBXTargetDependency;
			target = FF0A41DB1AC82A2C009B1757 /* Forbind iOS */;
			targetProxy = FF0A41E91AC82A2C009B1757 /* PBXContainerItemProxy */;
		};
		FF0A421B1AC82E38009B1757 /* PBXTargetDependency */ = {
			isa = PBXTargetDependency;
			target = FF0A420D1AC82E37009B1757 /* ForbindExtensions */;
			targetProxy = FF0A421A1AC82E38009B1757 /* PBXContainerItemProxy */;
		};
		FFBE768B1B2EEA0C00426D40 /* PBXTargetDependency */ = {
			isa = PBXTargetDependency;
			target = FFBE76741B2EEA0C00426D40 /* Forbind Mac */;
			targetProxy = FFBE768A1B2EEA0C00426D40 /* PBXContainerItemProxy */;
		};
		FFE14B0A1B2EF82F006C5F70 /* PBXTargetDependency */ = {
			isa = PBXTargetDependency;
			target = FFE14AF31B2EF82F006C5F70 /* ForbindExtensions Mac */;
			targetProxy = FFE14B091B2EF82F006C5F70 /* PBXContainerItemProxy */;
		};
/* End PBXTargetDependency section */

/* Begin PBXVariantGroup section */
		FF19EB831AC847FD0033992B /* Main.storyboard */ = {
			isa = PBXVariantGroup;
			children = (
				FF19EB841AC847FD0033992B /* Base */,
			);
			name = Main.storyboard;
			sourceTree = "<group>";
		};
		FF19EB881AC847FD0033992B /* LaunchScreen.xib */ = {
			isa = PBXVariantGroup;
			children = (
				FF19EB891AC847FD0033992B /* Base */,
			);
			name = LaunchScreen.xib;
			sourceTree = "<group>";
		};
/* End PBXVariantGroup section */

/* Begin XCBuildConfiguration section */
		FF0A41D51AC82A1E009B1757 /* Debug */ = {
			isa = XCBuildConfiguration;
			buildSettings = {
			};
			name = Debug;
		};
		FF0A41D61AC82A1E009B1757 /* Release */ = {
			isa = XCBuildConfiguration;
			buildSettings = {
			};
			name = Release;
		};
		FF0A41F11AC82A2C009B1757 /* Debug */ = {
			isa = XCBuildConfiguration;
			buildSettings = {
				ALWAYS_SEARCH_USER_PATHS = NO;
				CLANG_CXX_LANGUAGE_STANDARD = "gnu++0x";
				CLANG_CXX_LIBRARY = "libc++";
				CLANG_ENABLE_MODULES = YES;
				CLANG_ENABLE_OBJC_ARC = YES;
				CLANG_WARN_BOOL_CONVERSION = YES;
				CLANG_WARN_CONSTANT_CONVERSION = YES;
				CLANG_WARN_DIRECT_OBJC_ISA_USAGE = YES_ERROR;
				CLANG_WARN_EMPTY_BODY = YES;
				CLANG_WARN_ENUM_CONVERSION = YES;
				CLANG_WARN_INT_CONVERSION = YES;
				CLANG_WARN_OBJC_ROOT_CLASS = YES_ERROR;
				CLANG_WARN_UNREACHABLE_CODE = YES;
				CLANG_WARN__DUPLICATE_METHOD_MATCH = YES;
				"CODE_SIGN_IDENTITY[sdk=iphoneos*]" = "iPhone Developer";
				COPY_PHASE_STRIP = NO;
				CURRENT_PROJECT_VERSION = 1;
				DEBUG_INFORMATION_FORMAT = dwarf;
				DEFINES_MODULE = YES;
				DYLIB_COMPATIBILITY_VERSION = 1;
				DYLIB_CURRENT_VERSION = 1;
				DYLIB_INSTALL_NAME_BASE = "@rpath";
				ENABLE_STRICT_OBJC_MSGSEND = YES;
				GCC_C_LANGUAGE_STANDARD = gnu99;
				GCC_DYNAMIC_NO_PIC = NO;
				GCC_NO_COMMON_BLOCKS = YES;
				GCC_OPTIMIZATION_LEVEL = 0;
				GCC_PREPROCESSOR_DEFINITIONS = (
					"DEBUG=1",
					"$(inherited)",
				);
				GCC_SYMBOLS_PRIVATE_EXTERN = NO;
				GCC_WARN_64_TO_32_BIT_CONVERSION = YES;
				GCC_WARN_ABOUT_RETURN_TYPE = YES_ERROR;
				GCC_WARN_UNDECLARED_SELECTOR = YES;
				GCC_WARN_UNINITIALIZED_AUTOS = YES_AGGRESSIVE;
				GCC_WARN_UNUSED_FUNCTION = YES;
				GCC_WARN_UNUSED_VARIABLE = YES;
				INFOPLIST_FILE = Forbind/Info.plist;
				INSTALL_PATH = "$(LOCAL_LIBRARY_DIR)/Frameworks";
				IPHONEOS_DEPLOYMENT_TARGET = 8.0;
				LD_RUNPATH_SEARCH_PATHS = "$(inherited) @executable_path/Frameworks @loader_path/Frameworks";
				MTL_ENABLE_DEBUG_INFO = YES;
				ONLY_ACTIVE_ARCH = YES;
				PRODUCT_NAME = Forbind;
				SDKROOT = iphoneos;
				SKIP_INSTALL = YES;
				SWIFT_OPTIMIZATION_LEVEL = "-Onone";
				TARGETED_DEVICE_FAMILY = "1,2";
				VERSIONING_SYSTEM = "apple-generic";
				VERSION_INFO_PREFIX = "";
			};
			name = Debug;
		};
		FF0A41F21AC82A2C009B1757 /* Release */ = {
			isa = XCBuildConfiguration;
			buildSettings = {
				ALWAYS_SEARCH_USER_PATHS = NO;
				CLANG_CXX_LANGUAGE_STANDARD = "gnu++0x";
				CLANG_CXX_LIBRARY = "libc++";
				CLANG_ENABLE_MODULES = YES;
				CLANG_ENABLE_OBJC_ARC = YES;
				CLANG_WARN_BOOL_CONVERSION = YES;
				CLANG_WARN_CONSTANT_CONVERSION = YES;
				CLANG_WARN_DIRECT_OBJC_ISA_USAGE = YES_ERROR;
				CLANG_WARN_EMPTY_BODY = YES;
				CLANG_WARN_ENUM_CONVERSION = YES;
				CLANG_WARN_INT_CONVERSION = YES;
				CLANG_WARN_OBJC_ROOT_CLASS = YES_ERROR;
				CLANG_WARN_UNREACHABLE_CODE = YES;
				CLANG_WARN__DUPLICATE_METHOD_MATCH = YES;
				"CODE_SIGN_IDENTITY[sdk=iphoneos*]" = "iPhone Developer";
				COPY_PHASE_STRIP = NO;
				CURRENT_PROJECT_VERSION = 1;
				DEBUG_INFORMATION_FORMAT = "dwarf-with-dsym";
				DEFINES_MODULE = YES;
				DYLIB_COMPATIBILITY_VERSION = 1;
				DYLIB_CURRENT_VERSION = 1;
				DYLIB_INSTALL_NAME_BASE = "@rpath";
				ENABLE_NS_ASSERTIONS = NO;
				ENABLE_STRICT_OBJC_MSGSEND = YES;
				GCC_C_LANGUAGE_STANDARD = gnu99;
				GCC_NO_COMMON_BLOCKS = YES;
				GCC_WARN_64_TO_32_BIT_CONVERSION = YES;
				GCC_WARN_ABOUT_RETURN_TYPE = YES_ERROR;
				GCC_WARN_UNDECLARED_SELECTOR = YES;
				GCC_WARN_UNINITIALIZED_AUTOS = YES_AGGRESSIVE;
				GCC_WARN_UNUSED_FUNCTION = YES;
				GCC_WARN_UNUSED_VARIABLE = YES;
				INFOPLIST_FILE = Forbind/Info.plist;
				INSTALL_PATH = "$(LOCAL_LIBRARY_DIR)/Frameworks";
				IPHONEOS_DEPLOYMENT_TARGET = 8.0;
				LD_RUNPATH_SEARCH_PATHS = "$(inherited) @executable_path/Frameworks @loader_path/Frameworks";
				MTL_ENABLE_DEBUG_INFO = NO;
				PRODUCT_NAME = Forbind;
				SDKROOT = iphoneos;
				SKIP_INSTALL = YES;
				TARGETED_DEVICE_FAMILY = "1,2";
				VALIDATE_PRODUCT = YES;
				VERSIONING_SYSTEM = "apple-generic";
				VERSION_INFO_PREFIX = "";
			};
			name = Release;
		};
		FF0A41F41AC82A2C009B1757 /* Debug */ = {
			isa = XCBuildConfiguration;
			buildSettings = {
				ALWAYS_SEARCH_USER_PATHS = NO;
				CLANG_CXX_LANGUAGE_STANDARD = "gnu++0x";
				CLANG_CXX_LIBRARY = "libc++";
				CLANG_ENABLE_MODULES = YES;
				CLANG_ENABLE_OBJC_ARC = YES;
				CLANG_WARN_BOOL_CONVERSION = YES;
				CLANG_WARN_CONSTANT_CONVERSION = YES;
				CLANG_WARN_DIRECT_OBJC_ISA_USAGE = YES_ERROR;
				CLANG_WARN_EMPTY_BODY = YES;
				CLANG_WARN_ENUM_CONVERSION = YES;
				CLANG_WARN_INT_CONVERSION = YES;
				CLANG_WARN_OBJC_ROOT_CLASS = YES_ERROR;
				CLANG_WARN_UNREACHABLE_CODE = YES;
				CLANG_WARN__DUPLICATE_METHOD_MATCH = YES;
				"CODE_SIGN_IDENTITY[sdk=iphoneos*]" = "iPhone Developer";
				COPY_PHASE_STRIP = NO;
				DEBUG_INFORMATION_FORMAT = dwarf;
				ENABLE_STRICT_OBJC_MSGSEND = YES;
				FRAMEWORK_SEARCH_PATHS = (
					"$(SDKROOT)/Developer/Library/Frameworks",
					"$(inherited)",
				);
				GCC_C_LANGUAGE_STANDARD = gnu99;
				GCC_DYNAMIC_NO_PIC = NO;
				GCC_NO_COMMON_BLOCKS = YES;
				GCC_OPTIMIZATION_LEVEL = 0;
				GCC_PREPROCESSOR_DEFINITIONS = (
					"DEBUG=1",
					"$(inherited)",
				);
				GCC_SYMBOLS_PRIVATE_EXTERN = NO;
				GCC_WARN_64_TO_32_BIT_CONVERSION = YES;
				GCC_WARN_ABOUT_RETURN_TYPE = YES_ERROR;
				GCC_WARN_UNDECLARED_SELECTOR = YES;
				GCC_WARN_UNINITIALIZED_AUTOS = YES_AGGRESSIVE;
				GCC_WARN_UNUSED_FUNCTION = YES;
				GCC_WARN_UNUSED_VARIABLE = YES;
				INFOPLIST_FILE = ForbindTests/Info.plist;
				IPHONEOS_DEPLOYMENT_TARGET = 8.3;
				LD_RUNPATH_SEARCH_PATHS = "$(inherited) @executable_path/Frameworks @loader_path/Frameworks";
				MTL_ENABLE_DEBUG_INFO = YES;
				ONLY_ACTIVE_ARCH = YES;
				PRODUCT_NAME = "$(TARGET_NAME)";
				SDKROOT = iphoneos;
			};
			name = Debug;
		};
		FF0A41F51AC82A2C009B1757 /* Release */ = {
			isa = XCBuildConfiguration;
			buildSettings = {
				ALWAYS_SEARCH_USER_PATHS = NO;
				CLANG_CXX_LANGUAGE_STANDARD = "gnu++0x";
				CLANG_CXX_LIBRARY = "libc++";
				CLANG_ENABLE_MODULES = YES;
				CLANG_ENABLE_OBJC_ARC = YES;
				CLANG_WARN_BOOL_CONVERSION = YES;
				CLANG_WARN_CONSTANT_CONVERSION = YES;
				CLANG_WARN_DIRECT_OBJC_ISA_USAGE = YES_ERROR;
				CLANG_WARN_EMPTY_BODY = YES;
				CLANG_WARN_ENUM_CONVERSION = YES;
				CLANG_WARN_INT_CONVERSION = YES;
				CLANG_WARN_OBJC_ROOT_CLASS = YES_ERROR;
				CLANG_WARN_UNREACHABLE_CODE = YES;
				CLANG_WARN__DUPLICATE_METHOD_MATCH = YES;
				"CODE_SIGN_IDENTITY[sdk=iphoneos*]" = "iPhone Developer";
				COPY_PHASE_STRIP = NO;
				DEBUG_INFORMATION_FORMAT = "dwarf-with-dsym";
				ENABLE_NS_ASSERTIONS = NO;
				ENABLE_STRICT_OBJC_MSGSEND = YES;
				FRAMEWORK_SEARCH_PATHS = (
					"$(SDKROOT)/Developer/Library/Frameworks",
					"$(inherited)",
				);
				GCC_C_LANGUAGE_STANDARD = gnu99;
				GCC_NO_COMMON_BLOCKS = YES;
				GCC_WARN_64_TO_32_BIT_CONVERSION = YES;
				GCC_WARN_ABOUT_RETURN_TYPE = YES_ERROR;
				GCC_WARN_UNDECLARED_SELECTOR = YES;
				GCC_WARN_UNINITIALIZED_AUTOS = YES_AGGRESSIVE;
				GCC_WARN_UNUSED_FUNCTION = YES;
				GCC_WARN_UNUSED_VARIABLE = YES;
				INFOPLIST_FILE = ForbindTests/Info.plist;
				IPHONEOS_DEPLOYMENT_TARGET = 8.3;
				LD_RUNPATH_SEARCH_PATHS = "$(inherited) @executable_path/Frameworks @loader_path/Frameworks";
				MTL_ENABLE_DEBUG_INFO = NO;
				PRODUCT_NAME = "$(TARGET_NAME)";
				SDKROOT = iphoneos;
				VALIDATE_PRODUCT = YES;
			};
			name = Release;
		};
		FF0A42221AC82E38009B1757 /* Debug */ = {
			isa = XCBuildConfiguration;
			buildSettings = {
				ALWAYS_SEARCH_USER_PATHS = NO;
				CLANG_CXX_LANGUAGE_STANDARD = "gnu++0x";
				CLANG_CXX_LIBRARY = "libc++";
				CLANG_ENABLE_MODULES = YES;
				CLANG_ENABLE_OBJC_ARC = YES;
				CLANG_WARN_BOOL_CONVERSION = YES;
				CLANG_WARN_CONSTANT_CONVERSION = YES;
				CLANG_WARN_DIRECT_OBJC_ISA_USAGE = YES_ERROR;
				CLANG_WARN_EMPTY_BODY = YES;
				CLANG_WARN_ENUM_CONVERSION = YES;
				CLANG_WARN_INT_CONVERSION = YES;
				CLANG_WARN_OBJC_ROOT_CLASS = YES_ERROR;
				CLANG_WARN_UNREACHABLE_CODE = YES;
				CLANG_WARN__DUPLICATE_METHOD_MATCH = YES;
				"CODE_SIGN_IDENTITY[sdk=iphoneos*]" = "iPhone Developer";
				COPY_PHASE_STRIP = NO;
				CURRENT_PROJECT_VERSION = 1;
				DEBUG_INFORMATION_FORMAT = dwarf;
				DEFINES_MODULE = YES;
				DYLIB_COMPATIBILITY_VERSION = 1;
				DYLIB_CURRENT_VERSION = 1;
				DYLIB_INSTALL_NAME_BASE = "@rpath";
				ENABLE_STRICT_OBJC_MSGSEND = YES;
				GCC_C_LANGUAGE_STANDARD = gnu99;
				GCC_DYNAMIC_NO_PIC = NO;
				GCC_NO_COMMON_BLOCKS = YES;
				GCC_OPTIMIZATION_LEVEL = 0;
				GCC_PREPROCESSOR_DEFINITIONS = (
					"DEBUG=1",
					"$(inherited)",
				);
				GCC_SYMBOLS_PRIVATE_EXTERN = NO;
				GCC_WARN_64_TO_32_BIT_CONVERSION = YES;
				GCC_WARN_ABOUT_RETURN_TYPE = YES_ERROR;
				GCC_WARN_UNDECLARED_SELECTOR = YES;
				GCC_WARN_UNINITIALIZED_AUTOS = YES_AGGRESSIVE;
				GCC_WARN_UNUSED_FUNCTION = YES;
				GCC_WARN_UNUSED_VARIABLE = YES;
				INFOPLIST_FILE = ForbindExtensions/Info.plist;
				INSTALL_PATH = "$(LOCAL_LIBRARY_DIR)/Frameworks";
				IPHONEOS_DEPLOYMENT_TARGET = 8.3;
				LD_RUNPATH_SEARCH_PATHS = "$(inherited) @executable_path/Frameworks @loader_path/Frameworks";
				MTL_ENABLE_DEBUG_INFO = YES;
				ONLY_ACTIVE_ARCH = YES;
				PRODUCT_NAME = "$(TARGET_NAME)";
				SDKROOT = iphoneos;
				SKIP_INSTALL = YES;
				SWIFT_OPTIMIZATION_LEVEL = "-Onone";
				TARGETED_DEVICE_FAMILY = "1,2";
				VERSIONING_SYSTEM = "apple-generic";
				VERSION_INFO_PREFIX = "";
			};
			name = Debug;
		};
		FF0A42231AC82E38009B1757 /* Release */ = {
			isa = XCBuildConfiguration;
			buildSettings = {
				ALWAYS_SEARCH_USER_PATHS = NO;
				CLANG_CXX_LANGUAGE_STANDARD = "gnu++0x";
				CLANG_CXX_LIBRARY = "libc++";
				CLANG_ENABLE_MODULES = YES;
				CLANG_ENABLE_OBJC_ARC = YES;
				CLANG_WARN_BOOL_CONVERSION = YES;
				CLANG_WARN_CONSTANT_CONVERSION = YES;
				CLANG_WARN_DIRECT_OBJC_ISA_USAGE = YES_ERROR;
				CLANG_WARN_EMPTY_BODY = YES;
				CLANG_WARN_ENUM_CONVERSION = YES;
				CLANG_WARN_INT_CONVERSION = YES;
				CLANG_WARN_OBJC_ROOT_CLASS = YES_ERROR;
				CLANG_WARN_UNREACHABLE_CODE = YES;
				CLANG_WARN__DUPLICATE_METHOD_MATCH = YES;
				"CODE_SIGN_IDENTITY[sdk=iphoneos*]" = "iPhone Developer";
				COPY_PHASE_STRIP = NO;
				CURRENT_PROJECT_VERSION = 1;
				DEBUG_INFORMATION_FORMAT = "dwarf-with-dsym";
				DEFINES_MODULE = YES;
				DYLIB_COMPATIBILITY_VERSION = 1;
				DYLIB_CURRENT_VERSION = 1;
				DYLIB_INSTALL_NAME_BASE = "@rpath";
				ENABLE_NS_ASSERTIONS = NO;
				ENABLE_STRICT_OBJC_MSGSEND = YES;
				GCC_C_LANGUAGE_STANDARD = gnu99;
				GCC_NO_COMMON_BLOCKS = YES;
				GCC_WARN_64_TO_32_BIT_CONVERSION = YES;
				GCC_WARN_ABOUT_RETURN_TYPE = YES_ERROR;
				GCC_WARN_UNDECLARED_SELECTOR = YES;
				GCC_WARN_UNINITIALIZED_AUTOS = YES_AGGRESSIVE;
				GCC_WARN_UNUSED_FUNCTION = YES;
				GCC_WARN_UNUSED_VARIABLE = YES;
				INFOPLIST_FILE = ForbindExtensions/Info.plist;
				INSTALL_PATH = "$(LOCAL_LIBRARY_DIR)/Frameworks";
				IPHONEOS_DEPLOYMENT_TARGET = 8.3;
				LD_RUNPATH_SEARCH_PATHS = "$(inherited) @executable_path/Frameworks @loader_path/Frameworks";
				MTL_ENABLE_DEBUG_INFO = NO;
				PRODUCT_NAME = "$(TARGET_NAME)";
				SDKROOT = iphoneos;
				SKIP_INSTALL = YES;
				TARGETED_DEVICE_FAMILY = "1,2";
				VALIDATE_PRODUCT = YES;
				VERSIONING_SYSTEM = "apple-generic";
				VERSION_INFO_PREFIX = "";
			};
			name = Release;
		};
		FF0A42251AC82E38009B1757 /* Debug */ = {
			isa = XCBuildConfiguration;
			buildSettings = {
				ALWAYS_SEARCH_USER_PATHS = NO;
				CLANG_CXX_LANGUAGE_STANDARD = "gnu++0x";
				CLANG_CXX_LIBRARY = "libc++";
				CLANG_ENABLE_MODULES = YES;
				CLANG_ENABLE_OBJC_ARC = YES;
				CLANG_WARN_BOOL_CONVERSION = YES;
				CLANG_WARN_CONSTANT_CONVERSION = YES;
				CLANG_WARN_DIRECT_OBJC_ISA_USAGE = YES_ERROR;
				CLANG_WARN_EMPTY_BODY = YES;
				CLANG_WARN_ENUM_CONVERSION = YES;
				CLANG_WARN_INT_CONVERSION = YES;
				CLANG_WARN_OBJC_ROOT_CLASS = YES_ERROR;
				CLANG_WARN_UNREACHABLE_CODE = YES;
				CLANG_WARN__DUPLICATE_METHOD_MATCH = YES;
				"CODE_SIGN_IDENTITY[sdk=iphoneos*]" = "iPhone Developer";
				COPY_PHASE_STRIP = NO;
				DEBUG_INFORMATION_FORMAT = dwarf;
				ENABLE_STRICT_OBJC_MSGSEND = YES;
				FRAMEWORK_SEARCH_PATHS = (
					"$(SDKROOT)/Developer/Library/Frameworks",
					"$(inherited)",
				);
				GCC_C_LANGUAGE_STANDARD = gnu99;
				GCC_DYNAMIC_NO_PIC = NO;
				GCC_NO_COMMON_BLOCKS = YES;
				GCC_OPTIMIZATION_LEVEL = 0;
				GCC_PREPROCESSOR_DEFINITIONS = (
					"DEBUG=1",
					"$(inherited)",
				);
				GCC_SYMBOLS_PRIVATE_EXTERN = NO;
				GCC_WARN_64_TO_32_BIT_CONVERSION = YES;
				GCC_WARN_ABOUT_RETURN_TYPE = YES_ERROR;
				GCC_WARN_UNDECLARED_SELECTOR = YES;
				GCC_WARN_UNINITIALIZED_AUTOS = YES_AGGRESSIVE;
				GCC_WARN_UNUSED_FUNCTION = YES;
				GCC_WARN_UNUSED_VARIABLE = YES;
				INFOPLIST_FILE = ForbindExtensionsTests/Info.plist;
				IPHONEOS_DEPLOYMENT_TARGET = 8.3;
				LD_RUNPATH_SEARCH_PATHS = "$(inherited) @executable_path/Frameworks @loader_path/Frameworks";
				MTL_ENABLE_DEBUG_INFO = YES;
				ONLY_ACTIVE_ARCH = YES;
				PRODUCT_NAME = "$(TARGET_NAME)";
				SDKROOT = iphoneos;
			};
			name = Debug;
		};
		FF0A42261AC82E38009B1757 /* Release */ = {
			isa = XCBuildConfiguration;
			buildSettings = {
				ALWAYS_SEARCH_USER_PATHS = NO;
				CLANG_CXX_LANGUAGE_STANDARD = "gnu++0x";
				CLANG_CXX_LIBRARY = "libc++";
				CLANG_ENABLE_MODULES = YES;
				CLANG_ENABLE_OBJC_ARC = YES;
				CLANG_WARN_BOOL_CONVERSION = YES;
				CLANG_WARN_CONSTANT_CONVERSION = YES;
				CLANG_WARN_DIRECT_OBJC_ISA_USAGE = YES_ERROR;
				CLANG_WARN_EMPTY_BODY = YES;
				CLANG_WARN_ENUM_CONVERSION = YES;
				CLANG_WARN_INT_CONVERSION = YES;
				CLANG_WARN_OBJC_ROOT_CLASS = YES_ERROR;
				CLANG_WARN_UNREACHABLE_CODE = YES;
				CLANG_WARN__DUPLICATE_METHOD_MATCH = YES;
				"CODE_SIGN_IDENTITY[sdk=iphoneos*]" = "iPhone Developer";
				COPY_PHASE_STRIP = NO;
				DEBUG_INFORMATION_FORMAT = "dwarf-with-dsym";
				ENABLE_NS_ASSERTIONS = NO;
				ENABLE_STRICT_OBJC_MSGSEND = YES;
				FRAMEWORK_SEARCH_PATHS = (
					"$(SDKROOT)/Developer/Library/Frameworks",
					"$(inherited)",
				);
				GCC_C_LANGUAGE_STANDARD = gnu99;
				GCC_NO_COMMON_BLOCKS = YES;
				GCC_WARN_64_TO_32_BIT_CONVERSION = YES;
				GCC_WARN_ABOUT_RETURN_TYPE = YES_ERROR;
				GCC_WARN_UNDECLARED_SELECTOR = YES;
				GCC_WARN_UNINITIALIZED_AUTOS = YES_AGGRESSIVE;
				GCC_WARN_UNUSED_FUNCTION = YES;
				GCC_WARN_UNUSED_VARIABLE = YES;
				INFOPLIST_FILE = ForbindExtensionsTests/Info.plist;
				IPHONEOS_DEPLOYMENT_TARGET = 8.3;
				LD_RUNPATH_SEARCH_PATHS = "$(inherited) @executable_path/Frameworks @loader_path/Frameworks";
				MTL_ENABLE_DEBUG_INFO = NO;
				PRODUCT_NAME = "$(TARGET_NAME)";
				SDKROOT = iphoneos;
				VALIDATE_PRODUCT = YES;
			};
			name = Release;
		};
		FF19EB971AC847FD0033992B /* Debug */ = {
			isa = XCBuildConfiguration;
			buildSettings = {
				ALWAYS_SEARCH_USER_PATHS = NO;
				ASSETCATALOG_COMPILER_APPICON_NAME = AppIcon;
				CLANG_CXX_LANGUAGE_STANDARD = "gnu++0x";
				CLANG_CXX_LIBRARY = "libc++";
				CLANG_ENABLE_MODULES = YES;
				CLANG_ENABLE_OBJC_ARC = YES;
				CLANG_WARN_BOOL_CONVERSION = YES;
				CLANG_WARN_CONSTANT_CONVERSION = YES;
				CLANG_WARN_DIRECT_OBJC_ISA_USAGE = YES_ERROR;
				CLANG_WARN_EMPTY_BODY = YES;
				CLANG_WARN_ENUM_CONVERSION = YES;
				CLANG_WARN_INT_CONVERSION = YES;
				CLANG_WARN_OBJC_ROOT_CLASS = YES_ERROR;
				CLANG_WARN_UNREACHABLE_CODE = YES;
				CLANG_WARN__DUPLICATE_METHOD_MATCH = YES;
				"CODE_SIGN_IDENTITY[sdk=iphoneos*]" = "iPhone Developer";
				COPY_PHASE_STRIP = NO;
				DEBUG_INFORMATION_FORMAT = dwarf;
				ENABLE_STRICT_OBJC_MSGSEND = YES;
				GCC_C_LANGUAGE_STANDARD = gnu99;
				GCC_DYNAMIC_NO_PIC = NO;
				GCC_NO_COMMON_BLOCKS = YES;
				GCC_OPTIMIZATION_LEVEL = 0;
				GCC_PREPROCESSOR_DEFINITIONS = (
					"DEBUG=1",
					"$(inherited)",
				);
				GCC_SYMBOLS_PRIVATE_EXTERN = NO;
				GCC_WARN_64_TO_32_BIT_CONVERSION = YES;
				GCC_WARN_ABOUT_RETURN_TYPE = YES_ERROR;
				GCC_WARN_UNDECLARED_SELECTOR = YES;
				GCC_WARN_UNINITIALIZED_AUTOS = YES_AGGRESSIVE;
				GCC_WARN_UNUSED_FUNCTION = YES;
				GCC_WARN_UNUSED_VARIABLE = YES;
				INFOPLIST_FILE = ForbindDemo/Info.plist;
				IPHONEOS_DEPLOYMENT_TARGET = 8.3;
				LD_RUNPATH_SEARCH_PATHS = "$(inherited) @executable_path/Frameworks";
				MTL_ENABLE_DEBUG_INFO = YES;
				ONLY_ACTIVE_ARCH = YES;
				PRODUCT_NAME = "$(TARGET_NAME)";
				SDKROOT = iphoneos;
				SWIFT_OPTIMIZATION_LEVEL = "-Onone";
				TARGETED_DEVICE_FAMILY = "1,2";
			};
			name = Debug;
		};
		FF19EB981AC847FD0033992B /* Release */ = {
			isa = XCBuildConfiguration;
			buildSettings = {
				ALWAYS_SEARCH_USER_PATHS = NO;
				ASSETCATALOG_COMPILER_APPICON_NAME = AppIcon;
				CLANG_CXX_LANGUAGE_STANDARD = "gnu++0x";
				CLANG_CXX_LIBRARY = "libc++";
				CLANG_ENABLE_MODULES = YES;
				CLANG_ENABLE_OBJC_ARC = YES;
				CLANG_WARN_BOOL_CONVERSION = YES;
				CLANG_WARN_CONSTANT_CONVERSION = YES;
				CLANG_WARN_DIRECT_OBJC_ISA_USAGE = YES_ERROR;
				CLANG_WARN_EMPTY_BODY = YES;
				CLANG_WARN_ENUM_CONVERSION = YES;
				CLANG_WARN_INT_CONVERSION = YES;
				CLANG_WARN_OBJC_ROOT_CLASS = YES_ERROR;
				CLANG_WARN_UNREACHABLE_CODE = YES;
				CLANG_WARN__DUPLICATE_METHOD_MATCH = YES;
				"CODE_SIGN_IDENTITY[sdk=iphoneos*]" = "iPhone Developer";
				COPY_PHASE_STRIP = NO;
				DEBUG_INFORMATION_FORMAT = "dwarf-with-dsym";
				ENABLE_NS_ASSERTIONS = NO;
				ENABLE_STRICT_OBJC_MSGSEND = YES;
				GCC_C_LANGUAGE_STANDARD = gnu99;
				GCC_NO_COMMON_BLOCKS = YES;
				GCC_WARN_64_TO_32_BIT_CONVERSION = YES;
				GCC_WARN_ABOUT_RETURN_TYPE = YES_ERROR;
				GCC_WARN_UNDECLARED_SELECTOR = YES;
				GCC_WARN_UNINITIALIZED_AUTOS = YES_AGGRESSIVE;
				GCC_WARN_UNUSED_FUNCTION = YES;
				GCC_WARN_UNUSED_VARIABLE = YES;
				INFOPLIST_FILE = ForbindDemo/Info.plist;
				IPHONEOS_DEPLOYMENT_TARGET = 8.3;
				LD_RUNPATH_SEARCH_PATHS = "$(inherited) @executable_path/Frameworks";
				MTL_ENABLE_DEBUG_INFO = NO;
				PRODUCT_NAME = "$(TARGET_NAME)";
				SDKROOT = iphoneos;
				TARGETED_DEVICE_FAMILY = "1,2";
				VALIDATE_PRODUCT = YES;
			};
			name = Release;
		};
		FFBE768E1B2EEA0C00426D40 /* Debug */ = {
			isa = XCBuildConfiguration;
			buildSettings = {
				ALWAYS_SEARCH_USER_PATHS = NO;
				CLANG_CXX_LANGUAGE_STANDARD = "gnu++0x";
				CLANG_CXX_LIBRARY = "libc++";
				CLANG_ENABLE_MODULES = YES;
				CLANG_ENABLE_OBJC_ARC = YES;
				CLANG_WARN_BOOL_CONVERSION = YES;
				CLANG_WARN_CONSTANT_CONVERSION = YES;
				CLANG_WARN_DIRECT_OBJC_ISA_USAGE = YES_ERROR;
				CLANG_WARN_EMPTY_BODY = YES;
				CLANG_WARN_ENUM_CONVERSION = YES;
				CLANG_WARN_INT_CONVERSION = YES;
				CLANG_WARN_OBJC_ROOT_CLASS = YES_ERROR;
				CLANG_WARN_UNREACHABLE_CODE = YES;
				CLANG_WARN__DUPLICATE_METHOD_MATCH = YES;
				COMBINE_HIDPI_IMAGES = YES;
				COPY_PHASE_STRIP = NO;
				CURRENT_PROJECT_VERSION = 1;
				DEBUG_INFORMATION_FORMAT = dwarf;
				DEFINES_MODULE = YES;
				DYLIB_COMPATIBILITY_VERSION = 1;
				DYLIB_CURRENT_VERSION = 1;
				DYLIB_INSTALL_NAME_BASE = "@rpath";
				ENABLE_STRICT_OBJC_MSGSEND = YES;
				FRAMEWORK_VERSION = A;
				GCC_C_LANGUAGE_STANDARD = gnu99;
				GCC_DYNAMIC_NO_PIC = NO;
				GCC_NO_COMMON_BLOCKS = YES;
				GCC_OPTIMIZATION_LEVEL = 0;
				GCC_PREPROCESSOR_DEFINITIONS = (
					"DEBUG=1",
					"$(inherited)",
				);
				GCC_SYMBOLS_PRIVATE_EXTERN = NO;
				GCC_WARN_64_TO_32_BIT_CONVERSION = YES;
				GCC_WARN_ABOUT_RETURN_TYPE = YES_ERROR;
				GCC_WARN_UNDECLARED_SELECTOR = YES;
				GCC_WARN_UNINITIALIZED_AUTOS = YES_AGGRESSIVE;
				GCC_WARN_UNUSED_FUNCTION = YES;
				GCC_WARN_UNUSED_VARIABLE = YES;
				INFOPLIST_FILE = "Forbind Mac/Info.plist";
				INSTALL_PATH = "$(LOCAL_LIBRARY_DIR)/Frameworks";
				LD_RUNPATH_SEARCH_PATHS = "$(inherited) @executable_path/../Frameworks @loader_path/Frameworks";
				MACOSX_DEPLOYMENT_TARGET = 10.10;
				MTL_ENABLE_DEBUG_INFO = YES;
				ONLY_ACTIVE_ARCH = YES;
				PRODUCT_NAME = Forbind;
				SDKROOT = macosx;
				SKIP_INSTALL = YES;
				SWIFT_OPTIMIZATION_LEVEL = "-Onone";
				VERSIONING_SYSTEM = "apple-generic";
				VERSION_INFO_PREFIX = "";
			};
			name = Debug;
		};
		FFBE768F1B2EEA0C00426D40 /* Release */ = {
			isa = XCBuildConfiguration;
			buildSettings = {
				ALWAYS_SEARCH_USER_PATHS = NO;
				CLANG_CXX_LANGUAGE_STANDARD = "gnu++0x";
				CLANG_CXX_LIBRARY = "libc++";
				CLANG_ENABLE_MODULES = YES;
				CLANG_ENABLE_OBJC_ARC = YES;
				CLANG_WARN_BOOL_CONVERSION = YES;
				CLANG_WARN_CONSTANT_CONVERSION = YES;
				CLANG_WARN_DIRECT_OBJC_ISA_USAGE = YES_ERROR;
				CLANG_WARN_EMPTY_BODY = YES;
				CLANG_WARN_ENUM_CONVERSION = YES;
				CLANG_WARN_INT_CONVERSION = YES;
				CLANG_WARN_OBJC_ROOT_CLASS = YES_ERROR;
				CLANG_WARN_UNREACHABLE_CODE = YES;
				CLANG_WARN__DUPLICATE_METHOD_MATCH = YES;
				COMBINE_HIDPI_IMAGES = YES;
				COPY_PHASE_STRIP = NO;
				CURRENT_PROJECT_VERSION = 1;
				DEBUG_INFORMATION_FORMAT = "dwarf-with-dsym";
				DEFINES_MODULE = YES;
				DYLIB_COMPATIBILITY_VERSION = 1;
				DYLIB_CURRENT_VERSION = 1;
				DYLIB_INSTALL_NAME_BASE = "@rpath";
				ENABLE_NS_ASSERTIONS = NO;
				ENABLE_STRICT_OBJC_MSGSEND = YES;
				FRAMEWORK_VERSION = A;
				GCC_C_LANGUAGE_STANDARD = gnu99;
				GCC_NO_COMMON_BLOCKS = YES;
				GCC_WARN_64_TO_32_BIT_CONVERSION = YES;
				GCC_WARN_ABOUT_RETURN_TYPE = YES_ERROR;
				GCC_WARN_UNDECLARED_SELECTOR = YES;
				GCC_WARN_UNINITIALIZED_AUTOS = YES_AGGRESSIVE;
				GCC_WARN_UNUSED_FUNCTION = YES;
				GCC_WARN_UNUSED_VARIABLE = YES;
				INFOPLIST_FILE = "Forbind Mac/Info.plist";
				INSTALL_PATH = "$(LOCAL_LIBRARY_DIR)/Frameworks";
				LD_RUNPATH_SEARCH_PATHS = "$(inherited) @executable_path/../Frameworks @loader_path/Frameworks";
				MACOSX_DEPLOYMENT_TARGET = 10.10;
				MTL_ENABLE_DEBUG_INFO = NO;
				PRODUCT_NAME = Forbind;
				SDKROOT = macosx;
				SKIP_INSTALL = YES;
				VERSIONING_SYSTEM = "apple-generic";
				VERSION_INFO_PREFIX = "";
			};
			name = Release;
		};
		FFE14B0D1B2EF82F006C5F70 /* Debug */ = {
			isa = XCBuildConfiguration;
			buildSettings = {
				ALWAYS_SEARCH_USER_PATHS = NO;
				CLANG_CXX_LANGUAGE_STANDARD = "gnu++0x";
				CLANG_CXX_LIBRARY = "libc++";
				CLANG_ENABLE_MODULES = YES;
				CLANG_ENABLE_OBJC_ARC = YES;
				CLANG_WARN_BOOL_CONVERSION = YES;
				CLANG_WARN_CONSTANT_CONVERSION = YES;
				CLANG_WARN_DIRECT_OBJC_ISA_USAGE = YES_ERROR;
				CLANG_WARN_EMPTY_BODY = YES;
				CLANG_WARN_ENUM_CONVERSION = YES;
				CLANG_WARN_INT_CONVERSION = YES;
				CLANG_WARN_OBJC_ROOT_CLASS = YES_ERROR;
				CLANG_WARN_UNREACHABLE_CODE = YES;
				CLANG_WARN__DUPLICATE_METHOD_MATCH = YES;
				COMBINE_HIDPI_IMAGES = YES;
				COPY_PHASE_STRIP = NO;
				CURRENT_PROJECT_VERSION = 1;
				DEBUG_INFORMATION_FORMAT = dwarf;
				DEFINES_MODULE = YES;
				DYLIB_COMPATIBILITY_VERSION = 1;
				DYLIB_CURRENT_VERSION = 1;
				DYLIB_INSTALL_NAME_BASE = "@rpath";
				ENABLE_STRICT_OBJC_MSGSEND = YES;
				FRAMEWORK_VERSION = A;
				GCC_C_LANGUAGE_STANDARD = gnu99;
				GCC_DYNAMIC_NO_PIC = NO;
				GCC_NO_COMMON_BLOCKS = YES;
				GCC_OPTIMIZATION_LEVEL = 0;
				GCC_PREPROCESSOR_DEFINITIONS = (
					"DEBUG=1",
					"$(inherited)",
				);
				GCC_SYMBOLS_PRIVATE_EXTERN = NO;
				GCC_WARN_64_TO_32_BIT_CONVERSION = YES;
				GCC_WARN_ABOUT_RETURN_TYPE = YES_ERROR;
				GCC_WARN_UNDECLARED_SELECTOR = YES;
				GCC_WARN_UNINITIALIZED_AUTOS = YES_AGGRESSIVE;
				GCC_WARN_UNUSED_FUNCTION = YES;
				GCC_WARN_UNUSED_VARIABLE = YES;
				INFOPLIST_FILE = "ForbindExtensions Mac/Info.plist";
				INSTALL_PATH = "$(LOCAL_LIBRARY_DIR)/Frameworks";
				LD_RUNPATH_SEARCH_PATHS = "$(inherited) @executable_path/../Frameworks @loader_path/Frameworks";
				MACOSX_DEPLOYMENT_TARGET = 10.10;
				MTL_ENABLE_DEBUG_INFO = YES;
				ONLY_ACTIVE_ARCH = YES;
				PRODUCT_NAME = ForbindExtensions;
				SDKROOT = macosx;
				SKIP_INSTALL = YES;
				SWIFT_OPTIMIZATION_LEVEL = "-Onone";
				VERSIONING_SYSTEM = "apple-generic";
				VERSION_INFO_PREFIX = "";
			};
			name = Debug;
		};
		FFE14B0E1B2EF82F006C5F70 /* Release */ = {
			isa = XCBuildConfiguration;
			buildSettings = {
				ALWAYS_SEARCH_USER_PATHS = NO;
				CLANG_CXX_LANGUAGE_STANDARD = "gnu++0x";
				CLANG_CXX_LIBRARY = "libc++";
				CLANG_ENABLE_MODULES = YES;
				CLANG_ENABLE_OBJC_ARC = YES;
				CLANG_WARN_BOOL_CONVERSION = YES;
				CLANG_WARN_CONSTANT_CONVERSION = YES;
				CLANG_WARN_DIRECT_OBJC_ISA_USAGE = YES_ERROR;
				CLANG_WARN_EMPTY_BODY = YES;
				CLANG_WARN_ENUM_CONVERSION = YES;
				CLANG_WARN_INT_CONVERSION = YES;
				CLANG_WARN_OBJC_ROOT_CLASS = YES_ERROR;
				CLANG_WARN_UNREACHABLE_CODE = YES;
				CLANG_WARN__DUPLICATE_METHOD_MATCH = YES;
				COMBINE_HIDPI_IMAGES = YES;
				COPY_PHASE_STRIP = NO;
				CURRENT_PROJECT_VERSION = 1;
				DEBUG_INFORMATION_FORMAT = "dwarf-with-dsym";
				DEFINES_MODULE = YES;
				DYLIB_COMPATIBILITY_VERSION = 1;
				DYLIB_CURRENT_VERSION = 1;
				DYLIB_INSTALL_NAME_BASE = "@rpath";
				ENABLE_NS_ASSERTIONS = NO;
				ENABLE_STRICT_OBJC_MSGSEND = YES;
				FRAMEWORK_VERSION = A;
				GCC_C_LANGUAGE_STANDARD = gnu99;
				GCC_NO_COMMON_BLOCKS = YES;
				GCC_WARN_64_TO_32_BIT_CONVERSION = YES;
				GCC_WARN_ABOUT_RETURN_TYPE = YES_ERROR;
				GCC_WARN_UNDECLARED_SELECTOR = YES;
				GCC_WARN_UNINITIALIZED_AUTOS = YES_AGGRESSIVE;
				GCC_WARN_UNUSED_FUNCTION = YES;
				GCC_WARN_UNUSED_VARIABLE = YES;
				INFOPLIST_FILE = "ForbindExtensions Mac/Info.plist";
				INSTALL_PATH = "$(LOCAL_LIBRARY_DIR)/Frameworks";
				LD_RUNPATH_SEARCH_PATHS = "$(inherited) @executable_path/../Frameworks @loader_path/Frameworks";
				MACOSX_DEPLOYMENT_TARGET = 10.10;
				MTL_ENABLE_DEBUG_INFO = NO;
				PRODUCT_NAME = ForbindExtensions;
				SDKROOT = macosx;
				SKIP_INSTALL = YES;
				VERSIONING_SYSTEM = "apple-generic";
				VERSION_INFO_PREFIX = "";
			};
			name = Release;
		};
/* End XCBuildConfiguration section */

/* Begin XCConfigurationList section */
		FF0A41D41AC82A1E009B1757 /* Build configuration list for PBXProject "Forbind" */ = {
			isa = XCConfigurationList;
			buildConfigurations = (
				FF0A41D51AC82A1E009B1757 /* Debug */,
				FF0A41D61AC82A1E009B1757 /* Release */,
			);
			defaultConfigurationIsVisible = 0;
			defaultConfigurationName = Release;
		};
		FF0A41F01AC82A2C009B1757 /* Build configuration list for PBXNativeTarget "Forbind iOS" */ = {
			isa = XCConfigurationList;
			buildConfigurations = (
				FF0A41F11AC82A2C009B1757 /* Debug */,
				FF0A41F21AC82A2C009B1757 /* Release */,
			);
			defaultConfigurationIsVisible = 0;
			defaultConfigurationName = Release;
		};
		FF0A41F31AC82A2C009B1757 /* Build configuration list for PBXNativeTarget "ForbindTests" */ = {
			isa = XCConfigurationList;
			buildConfigurations = (
				FF0A41F41AC82A2C009B1757 /* Debug */,
				FF0A41F51AC82A2C009B1757 /* Release */,
			);
			defaultConfigurationIsVisible = 0;
			defaultConfigurationName = Release;
		};
		FF0A42211AC82E38009B1757 /* Build configuration list for PBXNativeTarget "ForbindExtensions" */ = {
			isa = XCConfigurationList;
			buildConfigurations = (
				FF0A42221AC82E38009B1757 /* Debug */,
				FF0A42231AC82E38009B1757 /* Release */,
			);
			defaultConfigurationIsVisible = 0;
			defaultConfigurationName = Release;
		};
		FF0A42241AC82E38009B1757 /* Build configuration list for PBXNativeTarget "ForbindExtensionsTests" */ = {
			isa = XCConfigurationList;
			buildConfigurations = (
				FF0A42251AC82E38009B1757 /* Debug */,
				FF0A42261AC82E38009B1757 /* Release */,
			);
			defaultConfigurationIsVisible = 0;
			defaultConfigurationName = Release;
		};
		FF19EB9B1AC847FD0033992B /* Build configuration list for PBXNativeTarget "ForbindDemo" */ = {
			isa = XCConfigurationList;
			buildConfigurations = (
				FF19EB971AC847FD0033992B /* Debug */,
				FF19EB981AC847FD0033992B /* Release */,
			);
			defaultConfigurationIsVisible = 0;
			defaultConfigurationName = Release;
		};
		FFBE76921B2EEA0C00426D40 /* Build configuration list for PBXNativeTarget "Forbind Mac" */ = {
			isa = XCConfigurationList;
			buildConfigurations = (
				FFBE768E1B2EEA0C00426D40 /* Debug */,
				FFBE768F1B2EEA0C00426D40 /* Release */,
			);
			defaultConfigurationIsVisible = 0;
			defaultConfigurationName = Release;
		};
		FFE14B111B2EF82F006C5F70 /* Build configuration list for PBXNativeTarget "ForbindExtensions Mac" */ = {
			isa = XCConfigurationList;
			buildConfigurations = (
				FFE14B0D1B2EF82F006C5F70 /* Debug */,
				FFE14B0E1B2EF82F006C5F70 /* Release */,
			);
			defaultConfigurationIsVisible = 0;
		};
/* End XCConfigurationList section */
	};
	rootObject = FF0A41D11AC82A1E009B1757 /* Project object */;
}
